// !$*UTF8*$!
{
	archiveVersion = 1;
	classes = {
	};
	objectVersion = 46;
	objects = {

/* Begin PBXBuildFile section */
		102BD37B1EB7F36B0035D865 /* FancyView.swift in Sources */ = {isa = PBXBuildFile; fileRef = 102BD37A1EB7F36B0035D865 /* FancyView.swift */; };
		102BD37D1EB7F6290035D865 /* Constants.swift in Sources */ = {isa = PBXBuildFile; fileRef = 102BD37C1EB7F6290035D865 /* Constants.swift */; };
		102BD37F1EB7FC1C0035D865 /* RoundButton.swift in Sources */ = {isa = PBXBuildFile; fileRef = 102BD37E1EB7FC1C0035D865 /* RoundButton.swift */; };
		102BD3811EB800960035D865 /* FancyField.swift in Sources */ = {isa = PBXBuildFile; fileRef = 102BD3801EB800960035D865 /* FancyField.swift */; };
		10461E591EB660D900487EEB /* AppDelegate.swift in Sources */ = {isa = PBXBuildFile; fileRef = 10461E581EB660D900487EEB /* AppDelegate.swift */; };
		10461E5B1EB660D900487EEB /* SignInVC.swift in Sources */ = {isa = PBXBuildFile; fileRef = 10461E5A1EB660D900487EEB /* SignInVC.swift */; };
		10461E5E1EB660D900487EEB /* Main.storyboard in Resources */ = {isa = PBXBuildFile; fileRef = 10461E5C1EB660D900487EEB /* Main.storyboard */; };
		10461E601EB660D900487EEB /* Assets.xcassets in Resources */ = {isa = PBXBuildFile; fileRef = 10461E5F1EB660D900487EEB /* Assets.xcassets */; };
		10461E631EB660D900487EEB /* LaunchScreen.storyboard in Resources */ = {isa = PBXBuildFile; fileRef = 10461E611EB660D900487EEB /* LaunchScreen.storyboard */; };
		10461E701EB66D4F00487EEB /* GoogleService-Info.plist in Resources */ = {isa = PBXBuildFile; fileRef = 10461E6F1EB66D4F00487EEB /* GoogleService-Info.plist */; };
		105C6E471EB8110200492146 /* FancyButton.swift in Sources */ = {isa = PBXBuildFile; fileRef = 105C6E461EB8110200492146 /* FancyButton.swift */; };
		CF2E090EA8AA6FC30E4A50B5 /* Pods_Devslopes_Social.framework in Frameworks */ = {isa = PBXBuildFile; fileRef = 5A011C5D9B08D79020DDB8F4 /* Pods_Devslopes_Social.framework */; };
/* End PBXBuildFile section */

/* Begin PBXFileReference section */
		102BD37A1EB7F36B0035D865 /* FancyView.swift */ = {isa = PBXFileReference; fileEncoding = 4; lastKnownFileType = sourcecode.swift; path = FancyView.swift; sourceTree = "<group>"; };
		102BD37C1EB7F6290035D865 /* Constants.swift */ = {isa = PBXFileReference; fileEncoding = 4; lastKnownFileType = sourcecode.swift; path = Constants.swift; sourceTree = "<group>"; };
		102BD37E1EB7FC1C0035D865 /* RoundButton.swift */ = {isa = PBXFileReference; fileEncoding = 4; lastKnownFileType = sourcecode.swift; path = RoundButton.swift; sourceTree = "<group>"; };
		102BD3801EB800960035D865 /* FancyField.swift */ = {isa = PBXFileReference; fileEncoding = 4; lastKnownFileType = sourcecode.swift; path = FancyField.swift; sourceTree = "<group>"; };
		10461E551EB660D900487EEB /* Devslopes-Social.app */ = {isa = PBXFileReference; explicitFileType = wrapper.application; includeInIndex = 0; path = "Devslopes-Social.app"; sourceTree = BUILT_PRODUCTS_DIR; };
		10461E581EB660D900487EEB /* AppDelegate.swift */ = {isa = PBXFileReference; lastKnownFileType = sourcecode.swift; path = AppDelegate.swift; sourceTree = "<group>"; };
		10461E5A1EB660D900487EEB /* SignInVC.swift */ = {isa = PBXFileReference; lastKnownFileType = sourcecode.swift; path = SignInVC.swift; sourceTree = "<group>"; };
		10461E5D1EB660D900487EEB /* Base */ = {isa = PBXFileReference; lastKnownFileType = file.storyboard; name = Base; path = Base.lproj/Main.storyboard; sourceTree = "<group>"; };
		10461E5F1EB660D900487EEB /* Assets.xcassets */ = {isa = PBXFileReference; lastKnownFileType = folder.assetcatalog; path = Assets.xcassets; sourceTree = "<group>"; };
		10461E621EB660D900487EEB /* Base */ = {isa = PBXFileReference; lastKnownFileType = file.storyboard; name = Base; path = Base.lproj/LaunchScreen.storyboard; sourceTree = "<group>"; };
		10461E641EB660D900487EEB /* Info.plist */ = {isa = PBXFileReference; lastKnownFileType = text.plist.xml; path = Info.plist; sourceTree = "<group>"; };
		10461E6F1EB66D4F00487EEB /* GoogleService-Info.plist */ = {isa = PBXFileReference; fileEncoding = 4; lastKnownFileType = text.plist.xml; path = "GoogleService-Info.plist"; sourceTree = "<group>"; };
		105C6E461EB8110200492146 /* FancyButton.swift */ = {isa = PBXFileReference; fileEncoding = 4; lastKnownFileType = sourcecode.swift; path = FancyButton.swift; sourceTree = "<group>"; };
		5A011C5D9B08D79020DDB8F4 /* Pods_Devslopes_Social.framework */ = {isa = PBXFileReference; explicitFileType = wrapper.framework; includeInIndex = 0; path = Pods_Devslopes_Social.framework; sourceTree = BUILT_PRODUCTS_DIR; };
		5F8B9A1F5D3FF756E8DFCCE1 /* Pods-Devslopes-Social.release.xcconfig */ = {isa = PBXFileReference; includeInIndex = 1; lastKnownFileType = text.xcconfig; name = "Pods-Devslopes-Social.release.xcconfig"; path = "Pods/Target Support Files/Pods-Devslopes-Social/Pods-Devslopes-Social.release.xcconfig"; sourceTree = "<group>"; };
		FFA20FBA3CB6EC9CEF3C5930 /* Pods-Devslopes-Social.debug.xcconfig */ = {isa = PBXFileReference; includeInIndex = 1; lastKnownFileType = text.xcconfig; name = "Pods-Devslopes-Social.debug.xcconfig"; path = "Pods/Target Support Files/Pods-Devslopes-Social/Pods-Devslopes-Social.debug.xcconfig"; sourceTree = "<group>"; };
/* End PBXFileReference section */

/* Begin PBXFrameworksBuildPhase section */
		10461E521EB660D900487EEB /* Frameworks */ = {
			isa = PBXFrameworksBuildPhase;
			buildActionMask = 2147483647;
			files = (
				CF2E090EA8AA6FC30E4A50B5 /* Pods_Devslopes_Social.framework in Frameworks */,
			);
			runOnlyForDeploymentPostprocessing = 0;
		};
/* End PBXFrameworksBuildPhase section */

/* Begin PBXGroup section */
		10461E4C1EB660D900487EEB = {
			isa = PBXGroup;
			children = (
				10461E571EB660D900487EEB /* Devslopes-Social */,
				10461E561EB660D900487EEB /* Products */,
				EE80226E0505BB6CC8D43B17 /* Pods */,
				458E04D49F88487268296130 /* Frameworks */,
			);
			sourceTree = "<group>";
		};
		10461E561EB660D900487EEB /* Products */ = {
			isa = PBXGroup;
			children = (
				10461E551EB660D900487EEB /* Devslopes-Social.app */,
			);
			name = Products;
			sourceTree = "<group>";
		};
		10461E571EB660D900487EEB /* Devslopes-Social */ = {
			isa = PBXGroup;
			children = (
				10461E6E1EB6631D00487EEB /* Model */,
				10461E6D1EB6631900487EEB /* View */,
				10461E6C1EB6631500487EEB /* Controller */,
				10461E6B1EB6631000487EEB /* Utilities */,
				10461E6A1EB6630800487EEB /* Services */,
				10461E581EB660D900487EEB /* AppDelegate.swift */,
				10461E5C1EB660D900487EEB /* Main.storyboard */,
				10461E5F1EB660D900487EEB /* Assets.xcassets */,
				10461E611EB660D900487EEB /* LaunchScreen.storyboard */,
				10461E641EB660D900487EEB /* Info.plist */,
				10461E6F1EB66D4F00487EEB /* GoogleService-Info.plist */,
			);
			path = "Devslopes-Social";
			sourceTree = "<group>";
		};
		10461E6A1EB6630800487EEB /* Services */ = {
			isa = PBXGroup;
			children = (
			);
			name = Services;
			sourceTree = "<group>";
		};
		10461E6B1EB6631000487EEB /* Utilities */ = {
			isa = PBXGroup;
			children = (
				102BD37C1EB7F6290035D865 /* Constants.swift */,
			);
			name = Utilities;
			sourceTree = "<group>";
		};
		10461E6C1EB6631500487EEB /* Controller */ = {
			isa = PBXGroup;
			children = (
				10461E5A1EB660D900487EEB /* SignInVC.swift */,
			);
			name = Controller;
			sourceTree = "<group>";
		};
		10461E6D1EB6631900487EEB /* View */ = {
			isa = PBXGroup;
			children = (
				102BD37A1EB7F36B0035D865 /* FancyView.swift */,
				102BD37E1EB7FC1C0035D865 /* RoundButton.swift */,
				102BD3801EB800960035D865 /* FancyField.swift */,
				105C6E461EB8110200492146 /* FancyButton.swift */,
			);
			name = View;
			sourceTree = "<group>";
		};
		10461E6E1EB6631D00487EEB /* Model */ = {
			isa = PBXGroup;
			children = (
			);
			name = Model;
			sourceTree = "<group>";
		};
		458E04D49F88487268296130 /* Frameworks */ = {
			isa = PBXGroup;
			children = (
				5A011C5D9B08D79020DDB8F4 /* Pods_Devslopes_Social.framework */,
			);
			name = Frameworks;
			sourceTree = "<group>";
		};
		EE80226E0505BB6CC8D43B17 /* Pods */ = {
			isa = PBXGroup;
			children = (
				FFA20FBA3CB6EC9CEF3C5930 /* Pods-Devslopes-Social.debug.xcconfig */,
				5F8B9A1F5D3FF756E8DFCCE1 /* Pods-Devslopes-Social.release.xcconfig */,
			);
			name = Pods;
			sourceTree = "<group>";
		};
/* End PBXGroup section */

/* Begin PBXNativeTarget section */
		10461E541EB660D900487EEB /* Devslopes-Social */ = {
			isa = PBXNativeTarget;
			buildConfigurationList = 10461E671EB660D900487EEB /* Build configuration list for PBXNativeTarget "Devslopes-Social" */;
			buildPhases = (
				7A697012EF4312C54A2D2963 /* [CP] Check Pods Manifest.lock */,
				10461E511EB660D900487EEB /* Sources */,
				10461E521EB660D900487EEB /* Frameworks */,
				10461E531EB660D900487EEB /* Resources */,
				ABB4264A54B16BA43FCD59DD /* [CP] Embed Pods Frameworks */,
				B6E0504A13F2600F3976178E /* [CP] Copy Pods Resources */,
			);
			buildRules = (
			);
			dependencies = (
			);
			name = "Devslopes-Social";
			productName = "Devslopes-Social";
			productReference = 10461E551EB660D900487EEB /* Devslopes-Social.app */;
			productType = "com.apple.product-type.application";
		};
/* End PBXNativeTarget section */

/* Begin PBXProject section */
		10461E4D1EB660D900487EEB /* Project object */ = {
			isa = PBXProject;
			attributes = {
				LastSwiftUpdateCheck = 0830;
				LastUpgradeCheck = 0830;
				ORGANIZATIONNAME = "Mohammad Hemani";
				TargetAttributes = {
					10461E541EB660D900487EEB = {
						CreatedOnToolsVersion = 8.3.2;
						DevelopmentTeam = ER395VNV43;
						ProvisioningStyle = Automatic;
					};
				};
			};
			buildConfigurationList = 10461E501EB660D900487EEB /* Build configuration list for PBXProject "Devslopes-Social" */;
			compatibilityVersion = "Xcode 3.2";
			developmentRegion = English;
			hasScannedForEncodings = 0;
			knownRegions = (
				en,
				Base,
			);
			mainGroup = 10461E4C1EB660D900487EEB;
			productRefGroup = 10461E561EB660D900487EEB /* Products */;
			projectDirPath = "";
			projectRoot = "";
			targets = (
				10461E541EB660D900487EEB /* Devslopes-Social */,
			);
		};
/* End PBXProject section */

/* Begin PBXResourcesBuildPhase section */
		10461E531EB660D900487EEB /* Resources */ = {
			isa = PBXResourcesBuildPhase;
			buildActionMask = 2147483647;
			files = (
				10461E631EB660D900487EEB /* LaunchScreen.storyboard in Resources */,
				10461E701EB66D4F00487EEB /* GoogleService-Info.plist in Resources */,
				10461E601EB660D900487EEB /* Assets.xcassets in Resources */,
				10461E5E1EB660D900487EEB /* Main.storyboard in Resources */,
			);
			runOnlyForDeploymentPostprocessing = 0;
		};
/* End PBXResourcesBuildPhase section */

/* Begin PBXShellScriptBuildPhase section */
		7A697012EF4312C54A2D2963 /* [CP] Check Pods Manifest.lock */ = {
			isa = PBXShellScriptBuildPhase;
			buildActionMask = 2147483647;
			files = (
			);
			inputPaths = (
			);
			name = "[CP] Check Pods Manifest.lock";
			outputPaths = (
			);
			runOnlyForDeploymentPostprocessing = 0;
			shellPath = /bin/sh;
			shellScript = "diff \"${PODS_ROOT}/../Podfile.lock\" \"${PODS_ROOT}/Manifest.lock\" > /dev/null\nif [ $? != 0 ] ; then\n    # print error to STDERR\n    echo \"error: The sandbox is not in sync with the Podfile.lock. Run 'pod install' or update your CocoaPods installation.\" >&2\n    exit 1\nfi\n";
			showEnvVarsInLog = 0;
		};
		ABB4264A54B16BA43FCD59DD /* [CP] Embed Pods Frameworks */ = {
			isa = PBXShellScriptBuildPhase;
			buildActionMask = 2147483647;
			files = (
			);
			inputPaths = (
			);
			name = "[CP] Embed Pods Frameworks";
			outputPaths = (
			);
			runOnlyForDeploymentPostprocessing = 0;
			shellPath = /bin/sh;
			shellScript = "\"${SRCROOT}/Pods/Target Support Files/Pods-Devslopes-Social/Pods-Devslopes-Social-frameworks.sh\"\n";
			showEnvVarsInLog = 0;
		};
		B6E0504A13F2600F3976178E /* [CP] Copy Pods Resources */ = {
			isa = PBXShellScriptBuildPhase;
			buildActionMask = 2147483647;
			files = (
			);
			inputPaths = (
			);
			name = "[CP] Copy Pods Resources";
			outputPaths = (
			);
			runOnlyForDeploymentPostprocessing = 0;
			shellPath = /bin/sh;
			shellScript = "\"${SRCROOT}/Pods/Target Support Files/Pods-Devslopes-Social/Pods-Devslopes-Social-resources.sh\"\n";
			showEnvVarsInLog = 0;
		};
/* End PBXShellScriptBuildPhase section */

/* Begin PBXSourcesBuildPhase section */
		10461E511EB660D900487EEB /* Sources */ = {
			isa = PBXSourcesBuildPhase;
			buildActionMask = 2147483647;
			files = (
				10461E5B1EB660D900487EEB /* SignInVC.swift in Sources */,
				102BD37F1EB7FC1C0035D865 /* RoundButton.swift in Sources */,
				10461E591EB660D900487EEB /* AppDelegate.swift in Sources */,
				105C6E471EB8110200492146 /* FancyButton.swift in Sources */,
				102BD3811EB800960035D865 /* FancyField.swift in Sources */,
				102BD37B1EB7F36B0035D865 /* FancyView.swift in Sources */,
				102BD37D1EB7F6290035D865 /* Constants.swift in Sources */,
			);
			runOnlyForDeploymentPostprocessing = 0;
		};
/* End PBXSourcesBuildPhase section */

/* Begin PBXVariantGroup section */
		10461E5C1EB660D900487EEB /* Main.storyboard */ = {
			isa = PBXVariantGroup;
			children = (
				10461E5D1EB660D900487EEB /* Base */,
			);
			name = Main.storyboard;
			sourceTree = "<group>";
		};
		10461E611EB660D900487EEB /* LaunchScreen.storyboard */ = {
			isa = PBXVariantGroup;
			children = (
				10461E621EB660D900487EEB /* Base */,
			);
			name = LaunchScreen.storyboard;
			sourceTree = "<group>";
		};
/* End PBXVariantGroup section */

/* Begin XCBuildConfiguration section */
		10461E651EB660D900487EEB /* Debug */ = {
			isa = XCBuildConfiguration;
			buildSettings = {
				ALWAYS_SEARCH_USER_PATHS = NO;
				CLANG_ANALYZER_NONNULL = YES;
				CLANG_ANALYZER_NUMBER_OBJECT_CONVERSION = YES_AGGRESSIVE;
				CLANG_CXX_LANGUAGE_STANDARD = "gnu++0x";
				CLANG_CXX_LIBRARY = "libc++";
				CLANG_ENABLE_MODULES = YES;
				CLANG_ENABLE_OBJC_ARC = YES;
				CLANG_WARN_BOOL_CONVERSION = YES;
				CLANG_WARN_CONSTANT_CONVERSION = YES;
				CLANG_WARN_DIRECT_OBJC_ISA_USAGE = YES_ERROR;
				CLANG_WARN_DOCUMENTATION_COMMENTS = YES;
				CLANG_WARN_EMPTY_BODY = YES;
				CLANG_WARN_ENUM_CONVERSION = YES;
				CLANG_WARN_INFINITE_RECURSION = YES;
				CLANG_WARN_INT_CONVERSION = YES;
				CLANG_WARN_OBJC_ROOT_CLASS = YES_ERROR;
				CLANG_WARN_SUSPICIOUS_MOVE = YES;
				CLANG_WARN_UNREACHABLE_CODE = YES;
				CLANG_WARN__DUPLICATE_METHOD_MATCH = YES;
				"CODE_SIGN_IDENTITY[sdk=iphoneos*]" = "iPhone Developer";
				COPY_PHASE_STRIP = NO;
				DEBUG_INFORMATION_FORMAT = dwarf;
				ENABLE_STRICT_OBJC_MSGSEND = YES;
				ENABLE_TESTABILITY = YES;
				GCC_C_LANGUAGE_STANDARD = gnu99;
				GCC_DYNAMIC_NO_PIC = NO;
				GCC_NO_COMMON_BLOCKS = YES;
				GCC_OPTIMIZATION_LEVEL = 0;
				GCC_PREPROCESSOR_DEFINITIONS = (
					"DEBUG=1",
					"$(inherited)",
				);
				GCC_WARN_64_TO_32_BIT_CONVERSION = YES;
				GCC_WARN_ABOUT_RETURN_TYPE = YES_ERROR;
				GCC_WARN_UNDECLARED_SELECTOR = YES;
				GCC_WARN_UNINITIALIZED_AUTOS = YES_AGGRESSIVE;
				GCC_WARN_UNUSED_FUNCTION = YES;
				GCC_WARN_UNUSED_VARIABLE = YES;
				IPHONEOS_DEPLOYMENT_TARGET = 10.3;
				MTL_ENABLE_DEBUG_INFO = YES;
				ONLY_ACTIVE_ARCH = YES;
				SDKROOT = iphoneos;
				SWIFT_ACTIVE_COMPILATION_CONDITIONS = DEBUG;
				SWIFT_OPTIMIZATION_LEVEL = "-Onone";
				TARGETED_DEVICE_FAMILY = "1,2";
			};
			name = Debug;
		};
		10461E661EB660D900487EEB /* Release */ = {
			isa = XCBuildConfiguration;
			buildSettings = {
				ALWAYS_SEARCH_USER_PATHS = NO;
				CLANG_ANALYZER_NONNULL = YES;
				CLANG_ANALYZER_NUMBER_OBJECT_CONVERSION = YES_AGGRESSIVE;
				CLANG_CXX_LANGUAGE_STANDARD = "gnu++0x";
				CLANG_CXX_LIBRARY = "libc++";
				CLANG_ENABLE_MODULES = YES;
				CLANG_ENABLE_OBJC_ARC = YES;
				CLANG_WARN_BOOL_CONVERSION = YES;
				CLANG_WARN_CONSTANT_CONVERSION = YES;
				CLANG_WARN_DIRECT_OBJC_ISA_USAGE = YES_ERROR;
				CLANG_WARN_DOCUMENTATION_COMMENTS = YES;
				CLANG_WARN_EMPTY_BODY = YES;
				CLANG_WARN_ENUM_CONVERSION = YES;
				CLANG_WARN_INFINITE_RECURSION = YES;
				CLANG_WARN_INT_CONVERSION = YES;
				CLANG_WARN_OBJC_ROOT_CLASS = YES_ERROR;
				CLANG_WARN_SUSPICIOUS_MOVE = YES;
				CLANG_WARN_UNREACHABLE_CODE = YES;
				CLANG_WARN__DUPLICATE_METHOD_MATCH = YES;
				"CODE_SIGN_IDENTITY[sdk=iphoneos*]" = "iPhone Developer";
				COPY_PHASE_STRIP = NO;
				DEBUG_INFORMATION_FORMAT = "dwarf-with-dsym";
				ENABLE_NS_ASSERTIONS = NO;
				ENABLE_STRICT_OBJC_MSGSEND = YES;
				GCC_C_LANGUAGE_STANDARD = gnu99;
				GCC_NO_COMMON_BLOCKS = YES;
				GCC_WARN_64_TO_32_BIT_CONVERSION = YES;
				GCC_WARN_ABOUT_RETURN_TYPE = YES_ERROR;
				GCC_WARN_UNDECLARED_SELECTOR = YES;
				GCC_WARN_UNINITIALIZED_AUTOS = YES_AGGRESSIVE;
				GCC_WARN_UNUSED_FUNCTION = YES;
				GCC_WARN_UNUSED_VARIABLE = YES;
				IPHONEOS_DEPLOYMENT_TARGET = 10.3;
				MTL_ENABLE_DEBUG_INFO = NO;
				SDKROOT = iphoneos;
				SWIFT_OPTIMIZATION_LEVEL = "-Owholemodule";
				TARGETED_DEVICE_FAMILY = "1,2";
				VALIDATE_PRODUCT = YES;
			};
			name = Release;
		};
		10461E681EB660D900487EEB /* Debug */ = {
			isa = XCBuildConfiguration;
			baseConfigurationReference = FFA20FBA3CB6EC9CEF3C5930 /* Pods-Devslopes-Social.debug.xcconfig */;
			buildSettings = {
				ASSETCATALOG_COMPILER_APPICON_NAME = AppIcon;
				DEVELOPMENT_TEAM = ER395VNV43;
				FRAMEWORK_SEARCH_PATHS = (
					"$(inherited)",
					"$(PROJECT_DIR)/Devslopes-Social",
				);
				INFOPLIST_FILE = "Devslopes-Social/Info.plist";
				LD_RUNPATH_SEARCH_PATHS = "$(inherited) @executable_path/Frameworks";
				PRODUCT_BUNDLE_IDENTIFIER = "com.mshayanh13.Devslopes-Social";
				PRODUCT_NAME = "$(TARGET_NAME)";
				SWIFT_VERSION = 3.0;
			};
			name = Debug;
		};
		10461E691EB660D900487EEB /* Release */ = {
			isa = XCBuildConfiguration;
			baseConfigurationReference = 5F8B9A1F5D3FF756E8DFCCE1 /* Pods-Devslopes-Social.release.xcconfig */;
			buildSettings = {
				ASSETCATALOG_COMPILER_APPICON_NAME = AppIcon;
				DEVELOPMENT_TEAM = ER395VNV43;
				FRAMEWORK_SEARCH_PATHS = (
					"$(inherited)",
					"$(PROJECT_DIR)/Devslopes-Social",
				);
				INFOPLIST_FILE = "Devslopes-Social/Info.plist";
				LD_RUNPATH_SEARCH_PATHS = "$(inherited) @executable_path/Frameworks";
				PRODUCT_BUNDLE_IDENTIFIER = "com.mshayanh13.Devslopes-Social";
				PRODUCT_NAME = "$(TARGET_NAME)";
				SWIFT_VERSION = 3.0;
			};
			name = Release;
		};
/* End XCBuildConfiguration section */

/* Begin XCConfigurationList section */
		10461E501EB660D900487EEB /* Build configuration list for PBXProject "Devslopes-Social" */ = {
			isa = XCConfigurationList;
			buildConfigurations = (
				10461E651EB660D900487EEB /* Debug */,
				10461E661EB660D900487EEB /* Release */,
			);
			defaultConfigurationIsVisible = 0;
			defaultConfigurationName = Release;
		};
		10461E671EB660D900487EEB /* Build configuration list for PBXNativeTarget "Devslopes-Social" */ = {
			isa = XCConfigurationList;
			buildConfigurations = (
				10461E681EB660D900487EEB /* Debug */,
				10461E691EB660D900487EEB /* Release */,
			);
			defaultConfigurationIsVisible = 0;
			defaultConfigurationName = Release;
		};
/* End XCConfigurationList section */
	};
	rootObject = 10461E4D1EB660D900487EEB /* Project object */;
}
